
Microsoft Visual Studio Solution File, Format Version 12.00
# Visual Studio Version 16
VisualStudioVersion = 16.0.30413.136
MinimumVisualStudioVersion = 10.0.40219.1
Project("{2150E333-8FDC-42A3-9474-1A3956D46DE8}") = "src", "src", "{AEAFD94E-C41B-4FCD-BE31-7185ABE04F7D}"
EndProject
Project("{2150E333-8FDC-42A3-9474-1A3956D46DE8}") = "Services", "Services", "{8633CDCD-DC5C-4BD0-8A83-190A84CD335C}"
EndProject
Project("{2150E333-8FDC-42A3-9474-1A3956D46DE8}") = "test", "test", "{E1A0732D-F892-4B41-85B3-707ED4F00C2E}"
EndProject
Project("{2150E333-8FDC-42A3-9474-1A3956D46DE8}") = "BuildingBlocks", "BuildingBlocks", "{E64A9B0C-5FCA-4107-B7F6-DD9B5FDAB2ED}"
EndProject
Project("{2150E333-8FDC-42A3-9474-1A3956D46DE8}") = "Core", "Core", "{70627E51-BADD-44AB-9CBB-16DE1982A665}"
EndProject
Project("{9A19103F-16F7-4668-BE54-9A1E7A4F7556}") = "DOHackerNews.Core", "src\buildingBlocks\core\DOHackerNews.Core\DOHackerNews.Core.csproj", "{652504F8-794F-4ACF-ADA9-10A2D6777B61}"
EndProject
Project("{2150E333-8FDC-42A3-9474-1A3956D46DE8}") = "Services", "Services", "{8B610FFD-B027-436B-B84D-088CFD1C192E}"
EndProject
Project("{9A19103F-16F7-4668-BE54-9A1E7A4F7556}") = "DOHackerNews.WebAPI.Core", "src\buildingBlocks\services\DOHackerNews.WebAPI.Core\DOHackerNews.WebAPI.Core.csproj", "{E7F6EA34-1B53-4FA0-9294-72CF6272A01F}"
EndProject
Project("{2150E333-8FDC-42A3-9474-1A3956D46DE8}") = "Adapter", "Adapter", "{4386951C-8A55-48CA-8C43-E2C074C8A153}"
EndProject
Project("{9A19103F-16F7-4668-BE54-9A1E7A4F7556}") = "DOHackerNews.Adpater", "src\services\DOHackerNews.Adpater\DOHackerNews.Adpater.csproj", "{53974ED8-3628-4844-8DDE-7A12D1006401}"
EndProject
Project("{2150E333-8FDC-42A3-9474-1A3956D46DE8}") = "Presentations", "Presentations", "{B87CE8CF-830B-46A7-89FB-EEDF92A4202C}"
EndProject
Project("{9A19103F-16F7-4668-BE54-9A1E7A4F7556}") = "DOHackerNews.Presentation", "src\presentations\DOHackerNews.Presentation\DOHackerNews.Presentation.csproj", "{F40EF740-6A7C-4378-90BE-19998E46F96F}"
EndProject
Project("{9A19103F-16F7-4668-BE54-9A1E7A4F7556}") = "DOHackerNews.Test.UnitTests", "test\DOHackerNews.Test.UnitTests\DOHackerNews.Test.UnitTests.csproj", "{0D831A04-F267-4CB9-BD8D-47F7AF7BBD44}"
EndProject
Project("{2150E333-8FDC-42A3-9474-1A3956D46DE8}") = "HostedServices", "HostedServices", "{1E171940-AFDA-4918-9582-9BA2DB2DB8D4}"
EndProject
Project("{9A19103F-16F7-4668-BE54-9A1E7A4F7556}") = "DOHackerNews.HostedService", "src\services\DOHackerNews.HostedService\DOHackerNews.HostedService.csproj", "{6DADED1A-4F3D-4306-B7B9-C041FDD9F4B1}"
EndProject
Global
	GlobalSection(SolutionConfigurationPlatforms) = preSolution
		Debug|Any CPU = Debug|Any CPU
		Release|Any CPU = Release|Any CPU
	EndGlobalSection
	GlobalSection(ProjectConfigurationPlatforms) = postSolution
		{652504F8-794F-4ACF-ADA9-10A2D6777B61}.Debug|Any CPU.ActiveCfg = Debug|Any CPU
		{652504F8-794F-4ACF-ADA9-10A2D6777B61}.Debug|Any CPU.Build.0 = Debug|Any CPU
		{652504F8-794F-4ACF-ADA9-10A2D6777B61}.Release|Any CPU.ActiveCfg = Release|Any CPU
		{652504F8-794F-4ACF-ADA9-10A2D6777B61}.Release|Any CPU.Build.0 = Release|Any CPU
		{E7F6EA34-1B53-4FA0-9294-72CF6272A01F}.Debug|Any CPU.ActiveCfg = Debug|Any CPU
		{E7F6EA34-1B53-4FA0-9294-72CF6272A01F}.Debug|Any CPU.Build.0 = Debug|Any CPU
		{E7F6EA34-1B53-4FA0-9294-72CF6272A01F}.Release|Any CPU.ActiveCfg = Release|Any CPU
		{E7F6EA34-1B53-4FA0-9294-72CF6272A01F}.Release|Any CPU.Build.0 = Release|Any CPU
		{53974ED8-3628-4844-8DDE-7A12D1006401}.Debug|Any CPU.ActiveCfg = Debug|Any CPU
		{53974ED8-3628-4844-8DDE-7A12D1006401}.Debug|Any CPU.Build.0 = Debug|Any CPU
		{53974ED8-3628-4844-8DDE-7A12D1006401}.Release|Any CPU.ActiveCfg = Release|Any CPU
		{53974ED8-3628-4844-8DDE-7A12D1006401}.Release|Any CPU.Build.0 = Release|Any CPU
		{F40EF740-6A7C-4378-90BE-19998E46F96F}.Debug|Any CPU.ActiveCfg = Debug|Any CPU
		{F40EF740-6A7C-4378-90BE-19998E46F96F}.Debug|Any CPU.Build.0 = Debug|Any CPU
		{F40EF740-6A7C-4378-90BE-19998E46F96F}.Release|Any CPU.ActiveCfg = Release|Any CPU
		{F40EF740-6A7C-4378-90BE-19998E46F96F}.Release|Any CPU.Build.0 = Release|Any CPU
		{0D831A04-F267-4CB9-BD8D-47F7AF7BBD44}.Debug|Any CPU.ActiveCfg = Debug|Any CPU
		{0D831A04-F267-4CB9-BD8D-47F7AF7BBD44}.Debug|Any CPU.Build.0 = Debug|Any CPU
		{0D831A04-F267-4CB9-BD8D-47F7AF7BBD44}.Release|Any CPU.ActiveCfg = Release|Any CPU
		{0D831A04-F267-4CB9-BD8D-47F7AF7BBD44}.Release|Any CPU.Build.0 = Release|Any CPU
		{6DADED1A-4F3D-4306-B7B9-C041FDD9F4B1}.Debug|Any CPU.ActiveCfg = Debug|Any CPU
		{6DADED1A-4F3D-4306-B7B9-C041FDD9F4B1}.Debug|Any CPU.Build.0 = Debug|Any CPU
		{6DADED1A-4F3D-4306-B7B9-C041FDD9F4B1}.Release|Any CPU.ActiveCfg = Release|Any CPU
		{6DADED1A-4F3D-4306-B7B9-C041FDD9F4B1}.Release|Any CPU.Build.0 = Release|Any CPU
	EndGlobalSection
	GlobalSection(SolutionProperties) = preSolution
		HideSolutionNode = FALSE
	EndGlobalSection
	GlobalSection(NestedProjects) = preSolution
		{8633CDCD-DC5C-4BD0-8A83-190A84CD335C} = {AEAFD94E-C41B-4FCD-BE31-7185ABE04F7D}
		{E64A9B0C-5FCA-4107-B7F6-DD9B5FDAB2ED} = {AEAFD94E-C41B-4FCD-BE31-7185ABE04F7D}
		{70627E51-BADD-44AB-9CBB-16DE1982A665} = {E64A9B0C-5FCA-4107-B7F6-DD9B5FDAB2ED}
		{652504F8-794F-4ACF-ADA9-10A2D6777B61} = {70627E51-BADD-44AB-9CBB-16DE1982A665}
		{8B610FFD-B027-436B-B84D-088CFD1C192E} = {E64A9B0C-5FCA-4107-B7F6-DD9B5FDAB2ED}
		{E7F6EA34-1B53-4FA0-9294-72CF6272A01F} = {8B610FFD-B027-436B-B84D-088CFD1C192E}
		{4386951C-8A55-48CA-8C43-E2C074C8A153} = {8633CDCD-DC5C-4BD0-8A83-190A84CD335C}
		{53974ED8-3628-4844-8DDE-7A12D1006401} = {4386951C-8A55-48CA-8C43-E2C074C8A153}
		{B87CE8CF-830B-46A7-89FB-EEDF92A4202C} = {AEAFD94E-C41B-4FCD-BE31-7185ABE04F7D}
		{F40EF740-6A7C-4378-90BE-19998E46F96F} = {B87CE8CF-830B-46A7-89FB-EEDF92A4202C}
		{0D831A04-F267-4CB9-BD8D-47F7AF7BBD44} = {E1A0732D-F892-4B41-85B3-707ED4F00C2E}
		{1E171940-AFDA-4918-9582-9BA2DB2DB8D4} = {8633CDCD-DC5C-4BD0-8A83-190A84CD335C}
		{6DADED1A-4F3D-4306-B7B9-C041FDD9F4B1} = {1E171940-AFDA-4918-9582-9BA2DB2DB8D4}
	EndGlobalSection
	GlobalSection(ExtensibilityGlobals) = postSolution
		SolutionGuid = {25AF72F8-5852-4660-96DD-E7E08C9F9378}
	EndGlobalSection
EndGlobal
